
Microsoft Visual Studio Solution File, Format Version 12.00
# Visual Studio Version 17
VisualStudioVersion = 17.1.32210.238
MinimumVisualStudioVersion = 10.0.40219.1
Project("{FAE04EC0-301F-11D3-BF4B-00C04F79EFBC}") = "CSC 317 OOP Resturant Orders App", "CSC 317 OOP Resturant Orders App\CSC 317 OOP Resturant Orders App.csproj", "{8727A8CF-A4E7-45CB-9BBC-1B0EF3E1AE28}"
EndProject
Global
	GlobalSection(SolutionConfigurationPlatforms) = preSolution
		Debug|Any CPU = Debug|Any CPU
		Release|Any CPU = Release|Any CPU
	EndGlobalSection
	GlobalSection(ProjectConfigurationPlatforms) = postSolution
		{8727A8CF-A4E7-45CB-9BBC-1B0EF3E1AE28}.Debug|Any CPU.ActiveCfg = Debug|Any CPU
		{8727A8CF-A4E7-45CB-9BBC-1B0EF3E1AE28}.Debug|Any CPU.Build.0 = Debug|Any CPU
		{8727A8CF-A4E7-45CB-9BBC-1B0EF3E1AE28}.Release|Any CPU.ActiveCfg = Release|Any CPU
		{8727A8CF-A4E7-45CB-9BBC-1B0EF3E1AE28}.Release|Any CPU.Build.0 = Release|Any CPU
	EndGlobalSection
	GlobalSection(SolutionProperties) = preSolution
		HideSolutionNode = FALSE
	EndGlobalSection
	GlobalSection(ExtensibilityGlobals) = postSolution
		SolutionGuid = {F2D9E862-EA13-4132-BF32-84EA61A9A830}
	EndGlobalSection
EndGlobal
